
Microsoft Visual Studio Solution File, Format Version 12.00
# Visual Studio 14
VisualStudioVersion = 14.0.25420.1
MinimumVisualStudioVersion = 10.0.40219.1
Project("{FAE04EC0-301F-11D3-BF4B-00C04F79EFBC}") = "CSharp-Navigation-Service", "CSharp-Navigation-Service\CSharp-Navigation-Service.csproj", "{CEFCA60F-1551-419F-A19B-EDE5E395A33D}"
EndProject
Project("{FAE04EC0-301F-11D3-BF4B-00C04F79EFBC}") = "Sample", "Sample\Sample.csproj", "{E7E8727B-B16D-418F-97B5-8E373105D61F}"
EndProject
Project("{FAE04EC0-301F-11D3-BF4B-00C04F79EFBC}") = "SampleCommon", "SampleCommon\SampleCommon.csproj", "{0B536265-7726-4737-9360-95310B331561}"
EndProject
Project("{FAE04EC0-301F-11D3-BF4B-00C04F79EFBC}") = "SampleMultipleFrames", "SampleMultipleFrames\SampleMultipleFrames.csproj", "{7E8B34AB-5C28-4BFE-8D59-9706467799BB}"
EndProject
Global
	GlobalSection(SolutionConfigurationPlatforms) = preSolution
		Debug|AnyCPU = Debug|AnyCPU
		Release|AnyCPU = Release|AnyCPU
	EndGlobalSection
	GlobalSection(ProjectConfigurationPlatforms) = postSolution
		{CEFCA60F-1551-419F-A19B-EDE5E395A33D}.Debug|AnyCPU.ActiveCfg = Debug|Any CPU
		{CEFCA60F-1551-419F-A19B-EDE5E395A33D}.Debug|AnyCPU.Build.0 = Debug|Any CPU
		{CEFCA60F-1551-419F-A19B-EDE5E395A33D}.Release|AnyCPU.ActiveCfg = Release|Any CPU
		{CEFCA60F-1551-419F-A19B-EDE5E395A33D}.Release|AnyCPU.Build.0 = Release|Any CPU
		{E7E8727B-B16D-418F-97B5-8E373105D61F}.Debug|AnyCPU.ActiveCfg = Debug|x64
		{E7E8727B-B16D-418F-97B5-8E373105D61F}.Debug|AnyCPU.Build.0 = Debug|x64
		{E7E8727B-B16D-418F-97B5-8E373105D61F}.Debug|AnyCPU.Deploy.0 = Debug|x64
		{E7E8727B-B16D-418F-97B5-8E373105D61F}.Release|AnyCPU.ActiveCfg = Release|x64
		{E7E8727B-B16D-418F-97B5-8E373105D61F}.Release|AnyCPU.Build.0 = Release|x64
		{E7E8727B-B16D-418F-97B5-8E373105D61F}.Release|AnyCPU.Deploy.0 = Release|x64
		{0B536265-7726-4737-9360-95310B331561}.Debug|AnyCPU.ActiveCfg = Debug|Any CPU
		{0B536265-7726-4737-9360-95310B331561}.Debug|AnyCPU.Build.0 = Debug|Any CPU
		{0B536265-7726-4737-9360-95310B331561}.Release|AnyCPU.ActiveCfg = Release|Any CPU
		{0B536265-7726-4737-9360-95310B331561}.Release|AnyCPU.Build.0 = Release|Any CPU
		{7E8B34AB-5C28-4BFE-8D59-9706467799BB}.Debug|AnyCPU.ActiveCfg = Debug|x64
		{7E8B34AB-5C28-4BFE-8D59-9706467799BB}.Debug|AnyCPU.Build.0 = Debug|x64
		{7E8B34AB-5C28-4BFE-8D59-9706467799BB}.Debug|AnyCPU.Deploy.0 = Debug|x64
		{7E8B34AB-5C28-4BFE-8D59-9706467799BB}.Release|AnyCPU.ActiveCfg = Release|x64
		{7E8B34AB-5C28-4BFE-8D59-9706467799BB}.Release|AnyCPU.Build.0 = Release|x64
		{7E8B34AB-5C28-4BFE-8D59-9706467799BB}.Release|AnyCPU.Deploy.0 = Release|x64
	EndGlobalSection
	GlobalSection(SolutionProperties) = preSolution
		HideSolutionNode = FALSE
	EndGlobalSection
EndGlobal
