
Microsoft Visual Studio Solution File, Format Version 12.00
# Visual Studio Version 16
VisualStudioVersion = 16.0.29102.190
MinimumVisualStudioVersion = 10.0.40219.1
Project("{FAE04EC0-301F-11D3-BF4B-00C04F79EFBC}") = "Uwa-Navigation-Service", "Uwa-Navigation-Service\Uwa-Navigation-Service.csproj", "{BA9CD1F9-EC81-4827-A15E-0194AA29A245}"
EndProject
Project("{FAE04EC0-301F-11D3-BF4B-00C04F79EFBC}") = "Sample.Common", "Sample.Common\Sample.Common.csproj", "{B0DC3A31-B2DB-4BCD-9CFF-A61D71BE9246}"
EndProject
Project("{FAE04EC0-301F-11D3-BF4B-00C04F79EFBC}") = "Sample", "Sample\Sample.csproj", "{CD2108BB-DA70-443D-9DD0-2BBF5E3778DA}"
EndProject
Project("{FAE04EC0-301F-11D3-BF4B-00C04F79EFBC}") = "Sample.MultipleFrames", "Sample.MultipleFrames\Sample.MultipleFrames.csproj", "{5FF549F7-1C38-4AB5-954B-F76A6A4A1463}"
EndProject
Global
	GlobalSection(SolutionConfigurationPlatforms) = preSolution
		Debug|Any CPU = Debug|Any CPU
		Debug|ARM = Debug|ARM
		Debug|ARM64 = Debug|ARM64
		Debug|x64 = Debug|x64
		Debug|x86 = Debug|x86
		Release|Any CPU = Release|Any CPU
		Release|ARM = Release|ARM
		Release|ARM64 = Release|ARM64
		Release|x64 = Release|x64
		Release|x86 = Release|x86
	EndGlobalSection
	GlobalSection(ProjectConfigurationPlatforms) = postSolution
		{BA9CD1F9-EC81-4827-A15E-0194AA29A245}.Debug|Any CPU.ActiveCfg = Debug|Any CPU
		{BA9CD1F9-EC81-4827-A15E-0194AA29A245}.Debug|Any CPU.Build.0 = Debug|Any CPU
		{BA9CD1F9-EC81-4827-A15E-0194AA29A245}.Debug|ARM.ActiveCfg = Debug|ARM
		{BA9CD1F9-EC81-4827-A15E-0194AA29A245}.Debug|ARM.Build.0 = Debug|ARM
		{BA9CD1F9-EC81-4827-A15E-0194AA29A245}.Debug|ARM64.ActiveCfg = Debug|ARM64
		{BA9CD1F9-EC81-4827-A15E-0194AA29A245}.Debug|ARM64.Build.0 = Debug|ARM64
		{BA9CD1F9-EC81-4827-A15E-0194AA29A245}.Debug|x64.ActiveCfg = Debug|x64
		{BA9CD1F9-EC81-4827-A15E-0194AA29A245}.Debug|x64.Build.0 = Debug|x64
		{BA9CD1F9-EC81-4827-A15E-0194AA29A245}.Debug|x86.ActiveCfg = Debug|x86
		{BA9CD1F9-EC81-4827-A15E-0194AA29A245}.Debug|x86.Build.0 = Debug|x86
		{BA9CD1F9-EC81-4827-A15E-0194AA29A245}.Release|Any CPU.ActiveCfg = Release|Any CPU
		{BA9CD1F9-EC81-4827-A15E-0194AA29A245}.Release|Any CPU.Build.0 = Release|Any CPU
		{BA9CD1F9-EC81-4827-A15E-0194AA29A245}.Release|ARM.ActiveCfg = Release|ARM
		{BA9CD1F9-EC81-4827-A15E-0194AA29A245}.Release|ARM.Build.0 = Release|ARM
		{BA9CD1F9-EC81-4827-A15E-0194AA29A245}.Release|ARM64.ActiveCfg = Release|ARM64
		{BA9CD1F9-EC81-4827-A15E-0194AA29A245}.Release|ARM64.Build.0 = Release|ARM64
		{BA9CD1F9-EC81-4827-A15E-0194AA29A245}.Release|x64.ActiveCfg = Release|x64
		{BA9CD1F9-EC81-4827-A15E-0194AA29A245}.Release|x64.Build.0 = Release|x64
		{BA9CD1F9-EC81-4827-A15E-0194AA29A245}.Release|x86.ActiveCfg = Release|x86
		{BA9CD1F9-EC81-4827-A15E-0194AA29A245}.Release|x86.Build.0 = Release|x86
		{B0DC3A31-B2DB-4BCD-9CFF-A61D71BE9246}.Debug|Any CPU.ActiveCfg = Debug|Any CPU
		{B0DC3A31-B2DB-4BCD-9CFF-A61D71BE9246}.Debug|Any CPU.Build.0 = Debug|Any CPU
		{B0DC3A31-B2DB-4BCD-9CFF-A61D71BE9246}.Debug|ARM.ActiveCfg = Debug|ARM
		{B0DC3A31-B2DB-4BCD-9CFF-A61D71BE9246}.Debug|ARM.Build.0 = Debug|ARM
		{B0DC3A31-B2DB-4BCD-9CFF-A61D71BE9246}.Debug|ARM64.ActiveCfg = Debug|ARM64
		{B0DC3A31-B2DB-4BCD-9CFF-A61D71BE9246}.Debug|ARM64.Build.0 = Debug|ARM64
		{B0DC3A31-B2DB-4BCD-9CFF-A61D71BE9246}.Debug|x64.ActiveCfg = Debug|x64
		{B0DC3A31-B2DB-4BCD-9CFF-A61D71BE9246}.Debug|x64.Build.0 = Debug|x64
		{B0DC3A31-B2DB-4BCD-9CFF-A61D71BE9246}.Debug|x86.ActiveCfg = Debug|x86
		{B0DC3A31-B2DB-4BCD-9CFF-A61D71BE9246}.Debug|x86.Build.0 = Debug|x86
		{B0DC3A31-B2DB-4BCD-9CFF-A61D71BE9246}.Release|Any CPU.ActiveCfg = Release|Any CPU
		{B0DC3A31-B2DB-4BCD-9CFF-A61D71BE9246}.Release|Any CPU.Build.0 = Release|Any CPU
		{B0DC3A31-B2DB-4BCD-9CFF-A61D71BE9246}.Release|ARM.ActiveCfg = Release|ARM
		{B0DC3A31-B2DB-4BCD-9CFF-A61D71BE9246}.Release|ARM.Build.0 = Release|ARM
		{B0DC3A31-B2DB-4BCD-9CFF-A61D71BE9246}.Release|ARM64.ActiveCfg = Release|ARM64
		{B0DC3A31-B2DB-4BCD-9CFF-A61D71BE9246}.Release|ARM64.Build.0 = Release|ARM64
		{B0DC3A31-B2DB-4BCD-9CFF-A61D71BE9246}.Release|x64.ActiveCfg = Release|x64
		{B0DC3A31-B2DB-4BCD-9CFF-A61D71BE9246}.Release|x64.Build.0 = Release|x64
		{B0DC3A31-B2DB-4BCD-9CFF-A61D71BE9246}.Release|x86.ActiveCfg = Release|x86
		{B0DC3A31-B2DB-4BCD-9CFF-A61D71BE9246}.Release|x86.Build.0 = Release|x86
		{CD2108BB-DA70-443D-9DD0-2BBF5E3778DA}.Debug|Any CPU.ActiveCfg = Debug|x86
		{CD2108BB-DA70-443D-9DD0-2BBF5E3778DA}.Debug|Any CPU.Deploy.0 = Debug|x86
		{CD2108BB-DA70-443D-9DD0-2BBF5E3778DA}.Debug|ARM.ActiveCfg = Debug|ARM
		{CD2108BB-DA70-443D-9DD0-2BBF5E3778DA}.Debug|ARM.Build.0 = Debug|ARM
		{CD2108BB-DA70-443D-9DD0-2BBF5E3778DA}.Debug|ARM.Deploy.0 = Debug|ARM
		{CD2108BB-DA70-443D-9DD0-2BBF5E3778DA}.Debug|ARM64.ActiveCfg = Debug|ARM64
		{CD2108BB-DA70-443D-9DD0-2BBF5E3778DA}.Debug|ARM64.Build.0 = Debug|ARM64
		{CD2108BB-DA70-443D-9DD0-2BBF5E3778DA}.Debug|ARM64.Deploy.0 = Debug|ARM64
		{CD2108BB-DA70-443D-9DD0-2BBF5E3778DA}.Debug|x64.ActiveCfg = Debug|x64
		{CD2108BB-DA70-443D-9DD0-2BBF5E3778DA}.Debug|x64.Build.0 = Debug|x64
		{CD2108BB-DA70-443D-9DD0-2BBF5E3778DA}.Debug|x64.Deploy.0 = Debug|x64
		{CD2108BB-DA70-443D-9DD0-2BBF5E3778DA}.Debug|x86.ActiveCfg = Debug|x86
		{CD2108BB-DA70-443D-9DD0-2BBF5E3778DA}.Debug|x86.Build.0 = Debug|x86
		{CD2108BB-DA70-443D-9DD0-2BBF5E3778DA}.Debug|x86.Deploy.0 = Debug|x86
		{CD2108BB-DA70-443D-9DD0-2BBF5E3778DA}.Release|Any CPU.ActiveCfg = Release|x86
		{CD2108BB-DA70-443D-9DD0-2BBF5E3778DA}.Release|ARM.ActiveCfg = Release|ARM
		{CD2108BB-DA70-443D-9DD0-2BBF5E3778DA}.Release|ARM.Build.0 = Release|ARM
		{CD2108BB-DA70-443D-9DD0-2BBF5E3778DA}.Release|ARM.Deploy.0 = Release|ARM
		{CD2108BB-DA70-443D-9DD0-2BBF5E3778DA}.Release|ARM64.ActiveCfg = Release|ARM64
		{CD2108BB-DA70-443D-9DD0-2BBF5E3778DA}.Release|ARM64.Build.0 = Release|ARM64
		{CD2108BB-DA70-443D-9DD0-2BBF5E3778DA}.Release|ARM64.Deploy.0 = Release|ARM64
		{CD2108BB-DA70-443D-9DD0-2BBF5E3778DA}.Release|x64.ActiveCfg = Release|x64
		{CD2108BB-DA70-443D-9DD0-2BBF5E3778DA}.Release|x64.Build.0 = Release|x64
		{CD2108BB-DA70-443D-9DD0-2BBF5E3778DA}.Release|x64.Deploy.0 = Release|x64
		{CD2108BB-DA70-443D-9DD0-2BBF5E3778DA}.Release|x86.ActiveCfg = Release|x86
		{CD2108BB-DA70-443D-9DD0-2BBF5E3778DA}.Release|x86.Build.0 = Release|x86
		{CD2108BB-DA70-443D-9DD0-2BBF5E3778DA}.Release|x86.Deploy.0 = Release|x86
		{5FF549F7-1C38-4AB5-954B-F76A6A4A1463}.Debug|Any CPU.ActiveCfg = Debug|x86
		{5FF549F7-1C38-4AB5-954B-F76A6A4A1463}.Debug|Any CPU.Deploy.0 = Debug|x86
		{5FF549F7-1C38-4AB5-954B-F76A6A4A1463}.Debug|ARM.ActiveCfg = Debug|ARM
		{5FF549F7-1C38-4AB5-954B-F76A6A4A1463}.Debug|ARM.Build.0 = Debug|ARM
		{5FF549F7-1C38-4AB5-954B-F76A6A4A1463}.Debug|ARM.Deploy.0 = Debug|ARM
		{5FF549F7-1C38-4AB5-954B-F76A6A4A1463}.Debug|ARM64.ActiveCfg = Debug|ARM64
		{5FF549F7-1C38-4AB5-954B-F76A6A4A1463}.Debug|ARM64.Build.0 = Debug|ARM64
		{5FF549F7-1C38-4AB5-954B-F76A6A4A1463}.Debug|ARM64.Deploy.0 = Debug|ARM64
		{5FF549F7-1C38-4AB5-954B-F76A6A4A1463}.Debug|x64.ActiveCfg = Debug|x64
		{5FF549F7-1C38-4AB5-954B-F76A6A4A1463}.Debug|x64.Build.0 = Debug|x64
		{5FF549F7-1C38-4AB5-954B-F76A6A4A1463}.Debug|x64.Deploy.0 = Debug|x64
		{5FF549F7-1C38-4AB5-954B-F76A6A4A1463}.Debug|x86.ActiveCfg = Debug|x86
		{5FF549F7-1C38-4AB5-954B-F76A6A4A1463}.Debug|x86.Build.0 = Debug|x86
		{5FF549F7-1C38-4AB5-954B-F76A6A4A1463}.Debug|x86.Deploy.0 = Debug|x86
		{5FF549F7-1C38-4AB5-954B-F76A6A4A1463}.Release|Any CPU.ActiveCfg = Release|x86
		{5FF549F7-1C38-4AB5-954B-F76A6A4A1463}.Release|ARM.ActiveCfg = Release|ARM
		{5FF549F7-1C38-4AB5-954B-F76A6A4A1463}.Release|ARM.Build.0 = Release|ARM
		{5FF549F7-1C38-4AB5-954B-F76A6A4A1463}.Release|ARM.Deploy.0 = Release|ARM
		{5FF549F7-1C38-4AB5-954B-F76A6A4A1463}.Release|ARM64.ActiveCfg = Release|ARM64
		{5FF549F7-1C38-4AB5-954B-F76A6A4A1463}.Release|ARM64.Build.0 = Release|ARM64
		{5FF549F7-1C38-4AB5-954B-F76A6A4A1463}.Release|ARM64.Deploy.0 = Release|ARM64
		{5FF549F7-1C38-4AB5-954B-F76A6A4A1463}.Release|x64.ActiveCfg = Release|x64
		{5FF549F7-1C38-4AB5-954B-F76A6A4A1463}.Release|x64.Build.0 = Release|x64
		{5FF549F7-1C38-4AB5-954B-F76A6A4A1463}.Release|x64.Deploy.0 = Release|x64
		{5FF549F7-1C38-4AB5-954B-F76A6A4A1463}.Release|x86.ActiveCfg = Release|x86
		{5FF549F7-1C38-4AB5-954B-F76A6A4A1463}.Release|x86.Build.0 = Release|x86
		{5FF549F7-1C38-4AB5-954B-F76A6A4A1463}.Release|x86.Deploy.0 = Release|x86
	EndGlobalSection
	GlobalSection(SolutionProperties) = preSolution
		HideSolutionNode = FALSE
	EndGlobalSection
	GlobalSection(ExtensibilityGlobals) = postSolution
		SolutionGuid = {696BD1E5-CB39-4339-9883-23AC5AE304F9}
	EndGlobalSection
EndGlobal
